
Microsoft Visual Studio Solution File, Format Version 12.00
# Visual Studio Version 17
VisualStudioVersion = 17.0.31521.260
MinimumVisualStudioVersion = 10.0.40219.1
Project("{9A19103F-16F7-4668-BE54-9A1E7A4F7556}") = "Earl.Agent.Console", "src\Agent\Console\Earl.Agent.Console.csproj", "{99BE2E1A-4DFC-41D3-8DF4-7CEC5349999E}"
EndProject
Project("{9A19103F-16F7-4668-BE54-9A1E7A4F7556}") = "Earl.Crawler", "src\Crawler\Crawler\Earl.Crawler.csproj", "{03881D04-21CD-4C18-9377-A8CC04C0B74E}"
EndProject
Project("{2150E333-8FDC-42A3-9474-1A3956D46DE8}") = "Crawler", "Crawler", "{BFC493AF-B103-485C-82A3-83483C919824}"
EndProject
Project("{2150E333-8FDC-42A3-9474-1A3956D46DE8}") = "Agent", "Agent", "{DFD7E0F5-8528-4882-BE2D-B7FB8EC3EDB3}"
EndProject
Project("{9A19103F-16F7-4668-BE54-9A1E7A4F7556}") = "Earl.Crawler.Abstractions", "src\Crawler\Abstractions\Earl.Crawler.Abstractions.csproj", "{0D6E5A36-45CE-408B-8987-CAFA90974642}"
EndProject
Project("{2150E333-8FDC-42A3-9474-1A3956D46DE8}") = "src", "src", "{EC588A5B-208D-4427-9528-447A0A09ED88}"
	ProjectSection(SolutionItems) = preProject
		.editorconfig = .editorconfig
		src\CodeStyleSuppressions.cs = src\CodeStyleSuppressions.cs
		src\Directory.Build.props = src\Directory.Build.props
		src\Directory.Build.targets = src\Directory.Build.targets
		README.md = README.md
		src\StandardRules.ruleset = src\StandardRules.ruleset
	EndProjectSection
EndProject
Project("{2150E333-8FDC-42A3-9474-1A3956D46DE8}") = "Middleware", "Middleware", "{3B10168F-CB56-409F-9A7A-20AB0CF71AB5}"
	ProjectSection(SolutionItems) = preProject
		src\Crawler\Middleware\README.md = src\Crawler\Middleware\README.md
	EndProjectSection
EndProject
Project("{9A19103F-16F7-4668-BE54-9A1E7A4F7556}") = "Earl.Crawler.Middleware.Abstractions", "src\Crawler\Middleware\Abstractions\Earl.Crawler.Middleware.Abstractions.csproj", "{6278AAA6-5D29-4F7B-9FC8-F802EC55CC5E}"
EndProject
Project("{9A19103F-16F7-4668-BE54-9A1E7A4F7556}") = "Earl.Crawler.Middleware.Html", "src\Crawler\Middleware\Html\Earl.Crawler.Middleware.Html.csproj", "{F7569B19-0192-42E8-8BC7-E6CBC784D777}"
EndProject
Project("{9A19103F-16F7-4668-BE54-9A1E7A4F7556}") = "Earl.Crawler.Middleware.Http", "src\Crawler\Middleware\Http\Earl.Crawler.Middleware.Http.csproj", "{192CA967-9499-4D8E-BF64-C9911C26CE5C}"
EndProject
Project("{9A19103F-16F7-4668-BE54-9A1E7A4F7556}") = "Earl.Crawler.Middleware.Selenium", "src\Crawler\Middleware\Selenium\Earl.Crawler.Middleware.Selenium.csproj", "{78605FC9-E09D-4DCD-8AAD-53D856D0A86B}"
EndProject
Project("{9A19103F-16F7-4668-BE54-9A1E7A4F7556}") = "Earl.Crawler.Middleware.UrlScraping", "src\Crawler\Middleware\UrlScraping\Earl.Crawler.Middleware.UrlScraping.csproj", "{BDA1D0A8-2583-406A-AC36-3295620D4A39}"
EndProject
Project("{2150E333-8FDC-42A3-9474-1A3956D46DE8}") = "Persistence", "Persistence", "{B0E634ED-376C-4BB2-8983-84B6D5343D1A}"
	ProjectSection(SolutionItems) = preProject
		src\Crawler\Persistence\README.md = src\Crawler\Persistence\README.md
	EndProjectSection
EndProject
Project("{9A19103F-16F7-4668-BE54-9A1E7A4F7556}") = "Earl.Crawler.Persistence.Abstractions", "src\Crawler\Persistence\Abstractions\Earl.Crawler.Persistence.Abstractions.csproj", "{732F2058-2634-4E46-AB8D-44F7E13C982B}"
EndProject
Project("{9A19103F-16F7-4668-BE54-9A1E7A4F7556}") = "Earl.Crawler.Persistence", "src\Crawler\Persistence\Persistence\Earl.Crawler.Persistence.csproj", "{ABD9B8E4-2F0C-43F0-BA27-41D8D7649A18}"
EndProject
Project("{9A19103F-16F7-4668-BE54-9A1E7A4F7556}") = "Earl.Crawler.Persistence.Json", "src\Crawler\Persistence\Json\Earl.Crawler.Persistence.Json.csproj", "{AA0A44B2-8521-494E-A7C2-D73FDF6F7A7C}"
EndProject
Project("{9A19103F-16F7-4668-BE54-9A1E7A4F7556}") = "Earl.Crawler.Events", "src\Crawler\Events\Earl.Crawler.Events.csproj", "{0628D7A0-CAA7-4DB1-B50D-C15E4ABDC664}"
EndProject
Project("{9A19103F-16F7-4668-BE54-9A1E7A4F7556}") = "Earl.Crawler.Middleware", "src\Crawler\Middleware\Middleware\Earl.Crawler.Middleware.csproj", "{3089DA07-1375-4EE0-90B5-93320B539F2B}"
EndProject
Project("{2150E333-8FDC-42A3-9474-1A3956D46DE8}") = ".github", ".github", "{1870D7E3-B750-4ECA-93C3-1D74DB446114}"
EndProject
Project("{2150E333-8FDC-42A3-9474-1A3956D46DE8}") = "workflows", "workflows", "{85DB08C8-BEFE-48E5-9F24-564E20F4B401}"
	ProjectSection(SolutionItems) = preProject
		.github\workflows\default.yml = .github\workflows\default.yml
	EndProjectSection
EndProject
Global
	GlobalSection(SolutionConfigurationPlatforms) = preSolution
		Debug|Any CPU = Debug|Any CPU
		Release|Any CPU = Release|Any CPU
	EndGlobalSection
	GlobalSection(ProjectConfigurationPlatforms) = postSolution
		{99BE2E1A-4DFC-41D3-8DF4-7CEC5349999E}.Debug|Any CPU.ActiveCfg = Debug|Any CPU
		{99BE2E1A-4DFC-41D3-8DF4-7CEC5349999E}.Debug|Any CPU.Build.0 = Debug|Any CPU
		{99BE2E1A-4DFC-41D3-8DF4-7CEC5349999E}.Release|Any CPU.ActiveCfg = Release|Any CPU
		{99BE2E1A-4DFC-41D3-8DF4-7CEC5349999E}.Release|Any CPU.Build.0 = Release|Any CPU
		{03881D04-21CD-4C18-9377-A8CC04C0B74E}.Debug|Any CPU.ActiveCfg = Debug|Any CPU
		{03881D04-21CD-4C18-9377-A8CC04C0B74E}.Debug|Any CPU.Build.0 = Debug|Any CPU
		{03881D04-21CD-4C18-9377-A8CC04C0B74E}.Release|Any CPU.ActiveCfg = Release|Any CPU
		{03881D04-21CD-4C18-9377-A8CC04C0B74E}.Release|Any CPU.Build.0 = Release|Any CPU
		{0D6E5A36-45CE-408B-8987-CAFA90974642}.Debug|Any CPU.ActiveCfg = Debug|Any CPU
		{0D6E5A36-45CE-408B-8987-CAFA90974642}.Debug|Any CPU.Build.0 = Debug|Any CPU
		{0D6E5A36-45CE-408B-8987-CAFA90974642}.Release|Any CPU.ActiveCfg = Release|Any CPU
		{0D6E5A36-45CE-408B-8987-CAFA90974642}.Release|Any CPU.Build.0 = Release|Any CPU
		{6278AAA6-5D29-4F7B-9FC8-F802EC55CC5E}.Debug|Any CPU.ActiveCfg = Debug|Any CPU
		{6278AAA6-5D29-4F7B-9FC8-F802EC55CC5E}.Debug|Any CPU.Build.0 = Debug|Any CPU
		{6278AAA6-5D29-4F7B-9FC8-F802EC55CC5E}.Release|Any CPU.ActiveCfg = Release|Any CPU
		{6278AAA6-5D29-4F7B-9FC8-F802EC55CC5E}.Release|Any CPU.Build.0 = Release|Any CPU
		{F7569B19-0192-42E8-8BC7-E6CBC784D777}.Debug|Any CPU.ActiveCfg = Debug|Any CPU
		{F7569B19-0192-42E8-8BC7-E6CBC784D777}.Debug|Any CPU.Build.0 = Debug|Any CPU
		{F7569B19-0192-42E8-8BC7-E6CBC784D777}.Release|Any CPU.ActiveCfg = Release|Any CPU
		{F7569B19-0192-42E8-8BC7-E6CBC784D777}.Release|Any CPU.Build.0 = Release|Any CPU
		{192CA967-9499-4D8E-BF64-C9911C26CE5C}.Debug|Any CPU.ActiveCfg = Debug|Any CPU
		{192CA967-9499-4D8E-BF64-C9911C26CE5C}.Debug|Any CPU.Build.0 = Debug|Any CPU
		{192CA967-9499-4D8E-BF64-C9911C26CE5C}.Release|Any CPU.ActiveCfg = Release|Any CPU
		{192CA967-9499-4D8E-BF64-C9911C26CE5C}.Release|Any CPU.Build.0 = Release|Any CPU
		{78605FC9-E09D-4DCD-8AAD-53D856D0A86B}.Debug|Any CPU.ActiveCfg = Debug|Any CPU
		{78605FC9-E09D-4DCD-8AAD-53D856D0A86B}.Debug|Any CPU.Build.0 = Debug|Any CPU
		{78605FC9-E09D-4DCD-8AAD-53D856D0A86B}.Release|Any CPU.ActiveCfg = Release|Any CPU
		{78605FC9-E09D-4DCD-8AAD-53D856D0A86B}.Release|Any CPU.Build.0 = Release|Any CPU
		{BDA1D0A8-2583-406A-AC36-3295620D4A39}.Debug|Any CPU.ActiveCfg = Debug|Any CPU
		{BDA1D0A8-2583-406A-AC36-3295620D4A39}.Debug|Any CPU.Build.0 = Debug|Any CPU
		{BDA1D0A8-2583-406A-AC36-3295620D4A39}.Release|Any CPU.ActiveCfg = Release|Any CPU
		{BDA1D0A8-2583-406A-AC36-3295620D4A39}.Release|Any CPU.Build.0 = Release|Any CPU
		{732F2058-2634-4E46-AB8D-44F7E13C982B}.Debug|Any CPU.ActiveCfg = Debug|Any CPU
		{732F2058-2634-4E46-AB8D-44F7E13C982B}.Debug|Any CPU.Build.0 = Debug|Any CPU
		{732F2058-2634-4E46-AB8D-44F7E13C982B}.Release|Any CPU.ActiveCfg = Release|Any CPU
		{732F2058-2634-4E46-AB8D-44F7E13C982B}.Release|Any CPU.Build.0 = Release|Any CPU
		{ABD9B8E4-2F0C-43F0-BA27-41D8D7649A18}.Debug|Any CPU.ActiveCfg = Debug|Any CPU
		{ABD9B8E4-2F0C-43F0-BA27-41D8D7649A18}.Debug|Any CPU.Build.0 = Debug|Any CPU
		{ABD9B8E4-2F0C-43F0-BA27-41D8D7649A18}.Release|Any CPU.ActiveCfg = Release|Any CPU
		{ABD9B8E4-2F0C-43F0-BA27-41D8D7649A18}.Release|Any CPU.Build.0 = Release|Any CPU
		{AA0A44B2-8521-494E-A7C2-D73FDF6F7A7C}.Debug|Any CPU.ActiveCfg = Debug|Any CPU
		{AA0A44B2-8521-494E-A7C2-D73FDF6F7A7C}.Debug|Any CPU.Build.0 = Debug|Any CPU
		{AA0A44B2-8521-494E-A7C2-D73FDF6F7A7C}.Release|Any CPU.ActiveCfg = Release|Any CPU
		{AA0A44B2-8521-494E-A7C2-D73FDF6F7A7C}.Release|Any CPU.Build.0 = Release|Any CPU
		{0628D7A0-CAA7-4DB1-B50D-C15E4ABDC664}.Debug|Any CPU.ActiveCfg = Debug|Any CPU
		{0628D7A0-CAA7-4DB1-B50D-C15E4ABDC664}.Debug|Any CPU.Build.0 = Debug|Any CPU
		{0628D7A0-CAA7-4DB1-B50D-C15E4ABDC664}.Release|Any CPU.ActiveCfg = Release|Any CPU
		{0628D7A0-CAA7-4DB1-B50D-C15E4ABDC664}.Release|Any CPU.Build.0 = Release|Any CPU
		{3089DA07-1375-4EE0-90B5-93320B539F2B}.Debug|Any CPU.ActiveCfg = Debug|Any CPU
		{3089DA07-1375-4EE0-90B5-93320B539F2B}.Debug|Any CPU.Build.0 = Debug|Any CPU
		{3089DA07-1375-4EE0-90B5-93320B539F2B}.Release|Any CPU.ActiveCfg = Release|Any CPU
		{3089DA07-1375-4EE0-90B5-93320B539F2B}.Release|Any CPU.Build.0 = Release|Any CPU
	EndGlobalSection
	GlobalSection(SolutionProperties) = preSolution
		HideSolutionNode = FALSE
	EndGlobalSection
	GlobalSection(NestedProjects) = preSolution
		{99BE2E1A-4DFC-41D3-8DF4-7CEC5349999E} = {DFD7E0F5-8528-4882-BE2D-B7FB8EC3EDB3}
		{03881D04-21CD-4C18-9377-A8CC04C0B74E} = {BFC493AF-B103-485C-82A3-83483C919824}
		{BFC493AF-B103-485C-82A3-83483C919824} = {EC588A5B-208D-4427-9528-447A0A09ED88}
		{DFD7E0F5-8528-4882-BE2D-B7FB8EC3EDB3} = {EC588A5B-208D-4427-9528-447A0A09ED88}
		{0D6E5A36-45CE-408B-8987-CAFA90974642} = {BFC493AF-B103-485C-82A3-83483C919824}
		{3B10168F-CB56-409F-9A7A-20AB0CF71AB5} = {BFC493AF-B103-485C-82A3-83483C919824}
		{6278AAA6-5D29-4F7B-9FC8-F802EC55CC5E} = {3B10168F-CB56-409F-9A7A-20AB0CF71AB5}
		{F7569B19-0192-42E8-8BC7-E6CBC784D777} = {3B10168F-CB56-409F-9A7A-20AB0CF71AB5}
		{192CA967-9499-4D8E-BF64-C9911C26CE5C} = {3B10168F-CB56-409F-9A7A-20AB0CF71AB5}
		{78605FC9-E09D-4DCD-8AAD-53D856D0A86B} = {3B10168F-CB56-409F-9A7A-20AB0CF71AB5}
		{BDA1D0A8-2583-406A-AC36-3295620D4A39} = {3B10168F-CB56-409F-9A7A-20AB0CF71AB5}
		{B0E634ED-376C-4BB2-8983-84B6D5343D1A} = {BFC493AF-B103-485C-82A3-83483C919824}
		{732F2058-2634-4E46-AB8D-44F7E13C982B} = {B0E634ED-376C-4BB2-8983-84B6D5343D1A}
		{ABD9B8E4-2F0C-43F0-BA27-41D8D7649A18} = {B0E634ED-376C-4BB2-8983-84B6D5343D1A}
		{AA0A44B2-8521-494E-A7C2-D73FDF6F7A7C} = {B0E634ED-376C-4BB2-8983-84B6D5343D1A}
		{0628D7A0-CAA7-4DB1-B50D-C15E4ABDC664} = {BFC493AF-B103-485C-82A3-83483C919824}
		{3089DA07-1375-4EE0-90B5-93320B539F2B} = {3B10168F-CB56-409F-9A7A-20AB0CF71AB5}
		{85DB08C8-BEFE-48E5-9F24-564E20F4B401} = {1870D7E3-B750-4ECA-93C3-1D74DB446114}
	EndGlobalSection
	GlobalSection(ExtensibilityGlobals) = postSolution
		SolutionGuid = {95CB9206-4EC0-41AC-AEBC-C134144867DB}
	EndGlobalSection
EndGlobal
