
Microsoft Visual Studio Solution File, Format Version 12.00
# Visual Studio Version 17
VisualStudioVersion = 17.0.31521.260
MinimumVisualStudioVersion = 10.0.40219.1
Project("{9A19103F-16F7-4668-BE54-9A1E7A4F7556}") = "Earl.Agent.Console", "src\Agent\Console\Earl.Agent.Console.csproj", "{99BE2E1A-4DFC-41D3-8DF4-7CEC5349999E}"
EndProject
Project("{2150E333-8FDC-42A3-9474-1A3956D46DE8}") = "Crawler", "Crawler", "{BFC493AF-B103-485C-82A3-83483C919824}"
EndProject
Project("{2150E333-8FDC-42A3-9474-1A3956D46DE8}") = "Agent", "Agent", "{DFD7E0F5-8528-4882-BE2D-B7FB8EC3EDB3}"
EndProject
Project("{2150E333-8FDC-42A3-9474-1A3956D46DE8}") = "src", "src", "{EC588A5B-208D-4427-9528-447A0A09ED88}"
	ProjectSection(SolutionItems) = preProject
		.editorconfig = .editorconfig
		src\CodeStyleSuppressions.cs = src\CodeStyleSuppressions.cs
		src\Directory.Build.props = src\Directory.Build.props
		src\Directory.Build.targets = src\Directory.Build.targets
		LICENSE = LICENSE
		README.md = README.md
	EndProjectSection
EndProject
Project("{2150E333-8FDC-42A3-9474-1A3956D46DE8}") = "Middleware", "Middleware", "{3B10168F-CB56-409F-9A7A-20AB0CF71AB5}"
	ProjectSection(SolutionItems) = preProject
		src\Crawler\Middleware\README.md = src\Crawler\Middleware\README.md
	EndProjectSection
EndProject
Project("{9A19103F-16F7-4668-BE54-9A1E7A4F7556}") = "Earl.Crawler.Middleware.Abstractions", "src\Crawler\Middleware\Abstractions\Earl.Crawler.Middleware.Abstractions.csproj", "{6278AAA6-5D29-4F7B-9FC8-F802EC55CC5E}"
EndProject
Project("{9A19103F-16F7-4668-BE54-9A1E7A4F7556}") = "Earl.Crawler.Middleware.Http", "src\Crawler\Middleware\Http\Earl.Crawler.Middleware.Http.csproj", "{192CA967-9499-4D8E-BF64-C9911C26CE5C}"
EndProject
Project("{9A19103F-16F7-4668-BE54-9A1E7A4F7556}") = "Earl.Crawler.Middleware.Selenium", "src\Crawler\Middleware\Selenium\Earl.Crawler.Middleware.Selenium.csproj", "{78605FC9-E09D-4DCD-8AAD-53D856D0A86B}"
EndProject
Project("{9A19103F-16F7-4668-BE54-9A1E7A4F7556}") = "Earl.Crawler.Middleware.UrlScraping", "src\Crawler\Middleware\UrlScraping\Earl.Crawler.Middleware.UrlScraping.csproj", "{BDA1D0A8-2583-406A-AC36-3295620D4A39}"
EndProject
Project("{2150E333-8FDC-42A3-9474-1A3956D46DE8}") = "Persistence", "Persistence", "{B0E634ED-376C-4BB2-8983-84B6D5343D1A}"
	ProjectSection(SolutionItems) = preProject
		src\Crawler\Persistence\README.md = src\Crawler\Persistence\README.md
	EndProjectSection
EndProject
Project("{2150E333-8FDC-42A3-9474-1A3956D46DE8}") = ".github", ".github", "{1870D7E3-B750-4ECA-93C3-1D74DB446114}"
EndProject
Project("{2150E333-8FDC-42A3-9474-1A3956D46DE8}") = "workflows", "workflows", "{85DB08C8-BEFE-48E5-9F24-564E20F4B401}"
	ProjectSection(SolutionItems) = preProject
		.github\workflows\default.yml = .github\workflows\default.yml
	EndProjectSection
EndProject
Project("{9A19103F-16F7-4668-BE54-9A1E7A4F7556}") = "Earl.Crawler", "src\Crawler\src\Earl.Crawler.csproj", "{56442662-DFA6-4F1B-85C0-744C59612367}"
EndProject
Project("{9A19103F-16F7-4668-BE54-9A1E7A4F7556}") = "Earl.Crawler.Middleware", "src\Crawler\Middleware\src\Earl.Crawler.Middleware.csproj", "{82030E74-AD3B-48C9-AF68-022D8E6EAE28}"
EndProject
Project("{9A19103F-16F7-4668-BE54-9A1E7A4F7556}") = "Earl.Crawler.Middleware.Tests", "src\Crawler\Middleware\test\Earl.Crawler.Middleware.Tests.csproj", "{FBA82857-EDA9-4E6E-AB57-7C3ED232FE54}"
EndProject
Project("{9A19103F-16F7-4668-BE54-9A1E7A4F7556}") = "Earl.Crawler.Middleware.Html", "src\Crawler\Middleware\Html\src\Earl.Crawler.Middleware.Html.csproj", "{D9122162-7707-442A-B36C-C1AABB0C98CD}"
EndProject
Project("{9A19103F-16F7-4668-BE54-9A1E7A4F7556}") = "Earl.Crawler.Middleware.Html.Tests", "src\Crawler\Middleware\Html\test\Earl.Crawler.Middleware.Html.Tests.csproj", "{07484C8A-AE46-4E64-9B0B-017863CA674F}"
EndProject
Project("{9A19103F-16F7-4668-BE54-9A1E7A4F7556}") = "Earl.Crawler.Events", "src\Crawler\Events\src\Earl.Crawler.Events.csproj", "{E12A32FB-BB4E-41A3-9A18-CC0196384FFE}"
EndProject
Project("{9A19103F-16F7-4668-BE54-9A1E7A4F7556}") = "Earl.Crawler.Events.Tests", "src\Crawler\Events\test\Earl.Crawler.Events.Tests.csproj", "{9ECB551C-10DF-46C7-9578-0C6E527689A7}"
EndProject
Project("{2150E333-8FDC-42A3-9474-1A3956D46DE8}") = "benchmark", "benchmark", "{660282D0-A588-49C6-829F-9836845089F6}"
EndProject
Project("{9A19103F-16F7-4668-BE54-9A1E7A4F7556}") = "Earl.Crawler.Benchmarks", "src\Crawler\benchmark\Earl.Crawler.Benchmarks.csproj", "{9FCEBE82-F780-41BA-AC80-DD030DDC91D2}"
EndProject
Project("{9A19103F-16F7-4668-BE54-9A1E7A4F7556}") = "Earl.Crawler.Abstractions", "src\Crawler\Abstractions\src\Earl.Crawler.Abstractions.csproj", "{EE81AF50-759B-4B30-A9E5-BD9B6B83BC9B}"
EndProject
Project("{9A19103F-16F7-4668-BE54-9A1E7A4F7556}") = "Earl.Crawler.Abstractions.Tests", "src\Crawler\Abstractions\test\Earl.Crawler.Abstractions.Tests.csproj", "{1E429B7F-191A-4AD3-9B8A-6BBF3DB1E58E}"
EndProject
Project("{2150E333-8FDC-42A3-9474-1A3956D46DE8}") = "test", "test", "{B9C74267-C106-4C21-B4EC-1DBBD52B098E}"
EndProject
Project("{2150E333-8FDC-42A3-9474-1A3956D46DE8}") = "Crawler", "Crawler", "{716F17FB-9FD0-4449-A6D5-6EBD703647AB}"
EndProject
Project("{2150E333-8FDC-42A3-9474-1A3956D46DE8}") = "Middleware", "Middleware", "{90F99F24-2400-4B9B-8C48-7378309F133D}"
EndProject
Project("{9A19103F-16F7-4668-BE54-9A1E7A4F7556}") = "Earl.Crawler.Tests", "src\Crawler\test\Earl.Crawler.Tests.csproj", "{E3257E61-285F-4736-AB68-210D05094083}"
EndProject
Project("{9A19103F-16F7-4668-BE54-9A1E7A4F7556}") = "Earl.Crawler.Persistence", "src\Crawler\Persistence\src\Earl.Crawler.Persistence.csproj", "{5BC326AC-B1A7-4C3D-82D2-9F7F99BA5BD7}"
EndProject
Project("{9A19103F-16F7-4668-BE54-9A1E7A4F7556}") = "Earl.Crawler.Persistence.Json", "src\Crawler\Persistence\Json\src\Earl.Crawler.Persistence.Json.csproj", "{09CA8E10-42B9-45FF-83DF-A3C849BDEB8D}"
EndProject
Project("{2150E333-8FDC-42A3-9474-1A3956D46DE8}") = "Persistence", "Persistence", "{233E413E-4FAE-4C9A-9853-39B3CDC28F71}"
EndProject
Project("{9A19103F-16F7-4668-BE54-9A1E7A4F7556}") = "Earl.Crawler.Persistence.Json.Tests", "src\Crawler\Persistence\Json\test\Earl.Crawler.Persistence.Json.Tests.csproj", "{E54FB95F-35F8-4623-A5C7-FA73B9447E92}"
EndProject
Project("{9A19103F-16F7-4668-BE54-9A1E7A4F7556}") = "Earl.Crawler.Persistence.Tests", "src\Crawler\Persistence\test\Earl.Crawler.Persistence.Tests.csproj", "{F53DBF1C-6F7E-447A-B5E2-91254B93D635}"
EndProject
Project("{9A19103F-16F7-4668-BE54-9A1E7A4F7556}") = "Earl.Crawler.Persistence.Abstractions", "src\Crawler\Persistence\Abstractions\src\Earl.Crawler.Persistence.Abstractions.csproj", "{FF6DBD62-A81C-4193-B74D-1325D1BFE1DD}"
EndProject
Project("{9A19103F-16F7-4668-BE54-9A1E7A4F7556}") = "Earl.Crawler.Persistence.Abstractions.Tests", "src\Crawler\Persistence\Abstractions\test\Earl.Crawler.Persistence.Abstractions.Tests.csproj", "{8633639B-ED6A-4FEB-99D1-4EAF2FD86E85}"
EndProject
Global
	GlobalSection(SolutionConfigurationPlatforms) = preSolution
		Debug|Any CPU = Debug|Any CPU
		Debug|ARM = Debug|ARM
		Debug|ARM32 = Debug|ARM32
		Debug|ARM64 = Debug|ARM64
		Debug|x64 = Debug|x64
		Debug|x86 = Debug|x86
		Release|Any CPU = Release|Any CPU
		Release|ARM = Release|ARM
		Release|ARM32 = Release|ARM32
		Release|ARM64 = Release|ARM64
		Release|x64 = Release|x64
		Release|x86 = Release|x86
	EndGlobalSection
	GlobalSection(ProjectConfigurationPlatforms) = postSolution
		{99BE2E1A-4DFC-41D3-8DF4-7CEC5349999E}.Debug|Any CPU.ActiveCfg = Debug|Any CPU
		{99BE2E1A-4DFC-41D3-8DF4-7CEC5349999E}.Debug|Any CPU.Build.0 = Debug|Any CPU
		{99BE2E1A-4DFC-41D3-8DF4-7CEC5349999E}.Debug|ARM.ActiveCfg = Debug|ARM
		{99BE2E1A-4DFC-41D3-8DF4-7CEC5349999E}.Debug|ARM.Build.0 = Debug|ARM
		{99BE2E1A-4DFC-41D3-8DF4-7CEC5349999E}.Debug|ARM32.ActiveCfg = Debug|ARM32
		{99BE2E1A-4DFC-41D3-8DF4-7CEC5349999E}.Debug|ARM32.Build.0 = Debug|ARM32
		{99BE2E1A-4DFC-41D3-8DF4-7CEC5349999E}.Debug|ARM64.ActiveCfg = Debug|ARM64
		{99BE2E1A-4DFC-41D3-8DF4-7CEC5349999E}.Debug|ARM64.Build.0 = Debug|ARM64
		{99BE2E1A-4DFC-41D3-8DF4-7CEC5349999E}.Debug|x64.ActiveCfg = Debug|x64
		{99BE2E1A-4DFC-41D3-8DF4-7CEC5349999E}.Debug|x64.Build.0 = Debug|x64
		{99BE2E1A-4DFC-41D3-8DF4-7CEC5349999E}.Debug|x86.ActiveCfg = Debug|x86
		{99BE2E1A-4DFC-41D3-8DF4-7CEC5349999E}.Debug|x86.Build.0 = Debug|x86
		{99BE2E1A-4DFC-41D3-8DF4-7CEC5349999E}.Release|Any CPU.ActiveCfg = Release|Any CPU
		{99BE2E1A-4DFC-41D3-8DF4-7CEC5349999E}.Release|Any CPU.Build.0 = Release|Any CPU
		{99BE2E1A-4DFC-41D3-8DF4-7CEC5349999E}.Release|ARM.ActiveCfg = Release|ARM
		{99BE2E1A-4DFC-41D3-8DF4-7CEC5349999E}.Release|ARM.Build.0 = Release|ARM
		{99BE2E1A-4DFC-41D3-8DF4-7CEC5349999E}.Release|ARM32.ActiveCfg = Release|ARM32
		{99BE2E1A-4DFC-41D3-8DF4-7CEC5349999E}.Release|ARM32.Build.0 = Release|ARM32
		{99BE2E1A-4DFC-41D3-8DF4-7CEC5349999E}.Release|ARM64.ActiveCfg = Release|ARM64
		{99BE2E1A-4DFC-41D3-8DF4-7CEC5349999E}.Release|ARM64.Build.0 = Release|ARM64
		{99BE2E1A-4DFC-41D3-8DF4-7CEC5349999E}.Release|x64.ActiveCfg = Release|x64
		{99BE2E1A-4DFC-41D3-8DF4-7CEC5349999E}.Release|x64.Build.0 = Release|x64
		{99BE2E1A-4DFC-41D3-8DF4-7CEC5349999E}.Release|x86.ActiveCfg = Release|x86
		{99BE2E1A-4DFC-41D3-8DF4-7CEC5349999E}.Release|x86.Build.0 = Release|x86
		{6278AAA6-5D29-4F7B-9FC8-F802EC55CC5E}.Debug|Any CPU.ActiveCfg = Debug|Any CPU
		{6278AAA6-5D29-4F7B-9FC8-F802EC55CC5E}.Debug|Any CPU.Build.0 = Debug|Any CPU
		{6278AAA6-5D29-4F7B-9FC8-F802EC55CC5E}.Debug|ARM.ActiveCfg = Debug|ARM
		{6278AAA6-5D29-4F7B-9FC8-F802EC55CC5E}.Debug|ARM.Build.0 = Debug|ARM
		{6278AAA6-5D29-4F7B-9FC8-F802EC55CC5E}.Debug|ARM32.ActiveCfg = Debug|ARM32
		{6278AAA6-5D29-4F7B-9FC8-F802EC55CC5E}.Debug|ARM32.Build.0 = Debug|ARM32
		{6278AAA6-5D29-4F7B-9FC8-F802EC55CC5E}.Debug|ARM64.ActiveCfg = Debug|ARM64
		{6278AAA6-5D29-4F7B-9FC8-F802EC55CC5E}.Debug|ARM64.Build.0 = Debug|ARM64
		{6278AAA6-5D29-4F7B-9FC8-F802EC55CC5E}.Debug|x64.ActiveCfg = Debug|x64
		{6278AAA6-5D29-4F7B-9FC8-F802EC55CC5E}.Debug|x64.Build.0 = Debug|x64
		{6278AAA6-5D29-4F7B-9FC8-F802EC55CC5E}.Debug|x86.ActiveCfg = Debug|x86
		{6278AAA6-5D29-4F7B-9FC8-F802EC55CC5E}.Debug|x86.Build.0 = Debug|x86
		{6278AAA6-5D29-4F7B-9FC8-F802EC55CC5E}.Release|Any CPU.ActiveCfg = Release|Any CPU
		{6278AAA6-5D29-4F7B-9FC8-F802EC55CC5E}.Release|Any CPU.Build.0 = Release|Any CPU
		{6278AAA6-5D29-4F7B-9FC8-F802EC55CC5E}.Release|ARM.ActiveCfg = Release|ARM
		{6278AAA6-5D29-4F7B-9FC8-F802EC55CC5E}.Release|ARM.Build.0 = Release|ARM
		{6278AAA6-5D29-4F7B-9FC8-F802EC55CC5E}.Release|ARM32.ActiveCfg = Release|ARM32
		{6278AAA6-5D29-4F7B-9FC8-F802EC55CC5E}.Release|ARM32.Build.0 = Release|ARM32
		{6278AAA6-5D29-4F7B-9FC8-F802EC55CC5E}.Release|ARM64.ActiveCfg = Release|ARM64
		{6278AAA6-5D29-4F7B-9FC8-F802EC55CC5E}.Release|ARM64.Build.0 = Release|ARM64
		{6278AAA6-5D29-4F7B-9FC8-F802EC55CC5E}.Release|x64.ActiveCfg = Release|x64
		{6278AAA6-5D29-4F7B-9FC8-F802EC55CC5E}.Release|x64.Build.0 = Release|x64
		{6278AAA6-5D29-4F7B-9FC8-F802EC55CC5E}.Release|x86.ActiveCfg = Release|x86
		{6278AAA6-5D29-4F7B-9FC8-F802EC55CC5E}.Release|x86.Build.0 = Release|x86
		{192CA967-9499-4D8E-BF64-C9911C26CE5C}.Debug|Any CPU.ActiveCfg = Debug|Any CPU
		{192CA967-9499-4D8E-BF64-C9911C26CE5C}.Debug|Any CPU.Build.0 = Debug|Any CPU
		{192CA967-9499-4D8E-BF64-C9911C26CE5C}.Debug|ARM.ActiveCfg = Debug|ARM
		{192CA967-9499-4D8E-BF64-C9911C26CE5C}.Debug|ARM.Build.0 = Debug|ARM
		{192CA967-9499-4D8E-BF64-C9911C26CE5C}.Debug|ARM32.ActiveCfg = Debug|ARM32
		{192CA967-9499-4D8E-BF64-C9911C26CE5C}.Debug|ARM32.Build.0 = Debug|ARM32
		{192CA967-9499-4D8E-BF64-C9911C26CE5C}.Debug|ARM64.ActiveCfg = Debug|ARM64
		{192CA967-9499-4D8E-BF64-C9911C26CE5C}.Debug|ARM64.Build.0 = Debug|ARM64
		{192CA967-9499-4D8E-BF64-C9911C26CE5C}.Debug|x64.ActiveCfg = Debug|x64
		{192CA967-9499-4D8E-BF64-C9911C26CE5C}.Debug|x64.Build.0 = Debug|x64
		{192CA967-9499-4D8E-BF64-C9911C26CE5C}.Debug|x86.ActiveCfg = Debug|x86
		{192CA967-9499-4D8E-BF64-C9911C26CE5C}.Debug|x86.Build.0 = Debug|x86
		{192CA967-9499-4D8E-BF64-C9911C26CE5C}.Release|Any CPU.ActiveCfg = Release|Any CPU
		{192CA967-9499-4D8E-BF64-C9911C26CE5C}.Release|Any CPU.Build.0 = Release|Any CPU
		{192CA967-9499-4D8E-BF64-C9911C26CE5C}.Release|ARM.ActiveCfg = Release|ARM
		{192CA967-9499-4D8E-BF64-C9911C26CE5C}.Release|ARM.Build.0 = Release|ARM
		{192CA967-9499-4D8E-BF64-C9911C26CE5C}.Release|ARM32.ActiveCfg = Release|ARM32
		{192CA967-9499-4D8E-BF64-C9911C26CE5C}.Release|ARM32.Build.0 = Release|ARM32
		{192CA967-9499-4D8E-BF64-C9911C26CE5C}.Release|ARM64.ActiveCfg = Release|ARM64
		{192CA967-9499-4D8E-BF64-C9911C26CE5C}.Release|ARM64.Build.0 = Release|ARM64
		{192CA967-9499-4D8E-BF64-C9911C26CE5C}.Release|x64.ActiveCfg = Release|x64
		{192CA967-9499-4D8E-BF64-C9911C26CE5C}.Release|x64.Build.0 = Release|x64
		{192CA967-9499-4D8E-BF64-C9911C26CE5C}.Release|x86.ActiveCfg = Release|x86
		{192CA967-9499-4D8E-BF64-C9911C26CE5C}.Release|x86.Build.0 = Release|x86
		{78605FC9-E09D-4DCD-8AAD-53D856D0A86B}.Debug|Any CPU.ActiveCfg = Debug|Any CPU
		{78605FC9-E09D-4DCD-8AAD-53D856D0A86B}.Debug|Any CPU.Build.0 = Debug|Any CPU
		{78605FC9-E09D-4DCD-8AAD-53D856D0A86B}.Debug|ARM.ActiveCfg = Debug|ARM
		{78605FC9-E09D-4DCD-8AAD-53D856D0A86B}.Debug|ARM.Build.0 = Debug|ARM
		{78605FC9-E09D-4DCD-8AAD-53D856D0A86B}.Debug|ARM32.ActiveCfg = Debug|ARM32
		{78605FC9-E09D-4DCD-8AAD-53D856D0A86B}.Debug|ARM32.Build.0 = Debug|ARM32
		{78605FC9-E09D-4DCD-8AAD-53D856D0A86B}.Debug|ARM64.ActiveCfg = Debug|ARM64
		{78605FC9-E09D-4DCD-8AAD-53D856D0A86B}.Debug|ARM64.Build.0 = Debug|ARM64
		{78605FC9-E09D-4DCD-8AAD-53D856D0A86B}.Debug|x64.ActiveCfg = Debug|x64
		{78605FC9-E09D-4DCD-8AAD-53D856D0A86B}.Debug|x64.Build.0 = Debug|x64
		{78605FC9-E09D-4DCD-8AAD-53D856D0A86B}.Debug|x86.ActiveCfg = Debug|x86
		{78605FC9-E09D-4DCD-8AAD-53D856D0A86B}.Debug|x86.Build.0 = Debug|x86
		{78605FC9-E09D-4DCD-8AAD-53D856D0A86B}.Release|Any CPU.ActiveCfg = Release|Any CPU
		{78605FC9-E09D-4DCD-8AAD-53D856D0A86B}.Release|Any CPU.Build.0 = Release|Any CPU
		{78605FC9-E09D-4DCD-8AAD-53D856D0A86B}.Release|ARM.ActiveCfg = Release|ARM
		{78605FC9-E09D-4DCD-8AAD-53D856D0A86B}.Release|ARM.Build.0 = Release|ARM
		{78605FC9-E09D-4DCD-8AAD-53D856D0A86B}.Release|ARM32.ActiveCfg = Release|ARM32
		{78605FC9-E09D-4DCD-8AAD-53D856D0A86B}.Release|ARM32.Build.0 = Release|ARM32
		{78605FC9-E09D-4DCD-8AAD-53D856D0A86B}.Release|ARM64.ActiveCfg = Release|ARM64
		{78605FC9-E09D-4DCD-8AAD-53D856D0A86B}.Release|ARM64.Build.0 = Release|ARM64
		{78605FC9-E09D-4DCD-8AAD-53D856D0A86B}.Release|x64.ActiveCfg = Release|x64
		{78605FC9-E09D-4DCD-8AAD-53D856D0A86B}.Release|x64.Build.0 = Release|x64
		{78605FC9-E09D-4DCD-8AAD-53D856D0A86B}.Release|x86.ActiveCfg = Release|x86
		{78605FC9-E09D-4DCD-8AAD-53D856D0A86B}.Release|x86.Build.0 = Release|x86
		{BDA1D0A8-2583-406A-AC36-3295620D4A39}.Debug|Any CPU.ActiveCfg = Debug|Any CPU
		{BDA1D0A8-2583-406A-AC36-3295620D4A39}.Debug|Any CPU.Build.0 = Debug|Any CPU
		{BDA1D0A8-2583-406A-AC36-3295620D4A39}.Debug|ARM.ActiveCfg = Debug|ARM
		{BDA1D0A8-2583-406A-AC36-3295620D4A39}.Debug|ARM.Build.0 = Debug|ARM
		{BDA1D0A8-2583-406A-AC36-3295620D4A39}.Debug|ARM32.ActiveCfg = Debug|ARM32
		{BDA1D0A8-2583-406A-AC36-3295620D4A39}.Debug|ARM32.Build.0 = Debug|ARM32
		{BDA1D0A8-2583-406A-AC36-3295620D4A39}.Debug|ARM64.ActiveCfg = Debug|ARM64
		{BDA1D0A8-2583-406A-AC36-3295620D4A39}.Debug|ARM64.Build.0 = Debug|ARM64
		{BDA1D0A8-2583-406A-AC36-3295620D4A39}.Debug|x64.ActiveCfg = Debug|x64
		{BDA1D0A8-2583-406A-AC36-3295620D4A39}.Debug|x64.Build.0 = Debug|x64
		{BDA1D0A8-2583-406A-AC36-3295620D4A39}.Debug|x86.ActiveCfg = Debug|x86
		{BDA1D0A8-2583-406A-AC36-3295620D4A39}.Debug|x86.Build.0 = Debug|x86
		{BDA1D0A8-2583-406A-AC36-3295620D4A39}.Release|Any CPU.ActiveCfg = Release|Any CPU
		{BDA1D0A8-2583-406A-AC36-3295620D4A39}.Release|Any CPU.Build.0 = Release|Any CPU
		{BDA1D0A8-2583-406A-AC36-3295620D4A39}.Release|ARM.ActiveCfg = Release|ARM
		{BDA1D0A8-2583-406A-AC36-3295620D4A39}.Release|ARM.Build.0 = Release|ARM
		{BDA1D0A8-2583-406A-AC36-3295620D4A39}.Release|ARM32.ActiveCfg = Release|ARM32
		{BDA1D0A8-2583-406A-AC36-3295620D4A39}.Release|ARM32.Build.0 = Release|ARM32
		{BDA1D0A8-2583-406A-AC36-3295620D4A39}.Release|ARM64.ActiveCfg = Release|ARM64
		{BDA1D0A8-2583-406A-AC36-3295620D4A39}.Release|ARM64.Build.0 = Release|ARM64
		{BDA1D0A8-2583-406A-AC36-3295620D4A39}.Release|x64.ActiveCfg = Release|x64
		{BDA1D0A8-2583-406A-AC36-3295620D4A39}.Release|x64.Build.0 = Release|x64
		{BDA1D0A8-2583-406A-AC36-3295620D4A39}.Release|x86.ActiveCfg = Release|x86
		{BDA1D0A8-2583-406A-AC36-3295620D4A39}.Release|x86.Build.0 = Release|x86
		{56442662-DFA6-4F1B-85C0-744C59612367}.Debug|Any CPU.ActiveCfg = Debug|Any CPU
		{56442662-DFA6-4F1B-85C0-744C59612367}.Debug|Any CPU.Build.0 = Debug|Any CPU
		{56442662-DFA6-4F1B-85C0-744C59612367}.Debug|ARM.ActiveCfg = Debug|ARM
		{56442662-DFA6-4F1B-85C0-744C59612367}.Debug|ARM.Build.0 = Debug|ARM
		{56442662-DFA6-4F1B-85C0-744C59612367}.Debug|ARM32.ActiveCfg = Debug|ARM32
		{56442662-DFA6-4F1B-85C0-744C59612367}.Debug|ARM32.Build.0 = Debug|ARM32
		{56442662-DFA6-4F1B-85C0-744C59612367}.Debug|ARM64.ActiveCfg = Debug|ARM64
		{56442662-DFA6-4F1B-85C0-744C59612367}.Debug|ARM64.Build.0 = Debug|ARM64
		{56442662-DFA6-4F1B-85C0-744C59612367}.Debug|x64.ActiveCfg = Debug|x64
		{56442662-DFA6-4F1B-85C0-744C59612367}.Debug|x64.Build.0 = Debug|x64
		{56442662-DFA6-4F1B-85C0-744C59612367}.Debug|x86.ActiveCfg = Debug|x86
		{56442662-DFA6-4F1B-85C0-744C59612367}.Debug|x86.Build.0 = Debug|x86
		{56442662-DFA6-4F1B-85C0-744C59612367}.Release|Any CPU.ActiveCfg = Release|Any CPU
		{56442662-DFA6-4F1B-85C0-744C59612367}.Release|Any CPU.Build.0 = Release|Any CPU
		{56442662-DFA6-4F1B-85C0-744C59612367}.Release|ARM.ActiveCfg = Release|ARM
		{56442662-DFA6-4F1B-85C0-744C59612367}.Release|ARM.Build.0 = Release|ARM
		{56442662-DFA6-4F1B-85C0-744C59612367}.Release|ARM32.ActiveCfg = Release|ARM32
		{56442662-DFA6-4F1B-85C0-744C59612367}.Release|ARM32.Build.0 = Release|ARM32
		{56442662-DFA6-4F1B-85C0-744C59612367}.Release|ARM64.ActiveCfg = Release|ARM64
		{56442662-DFA6-4F1B-85C0-744C59612367}.Release|ARM64.Build.0 = Release|ARM64
		{56442662-DFA6-4F1B-85C0-744C59612367}.Release|x64.ActiveCfg = Release|x64
		{56442662-DFA6-4F1B-85C0-744C59612367}.Release|x64.Build.0 = Release|x64
		{56442662-DFA6-4F1B-85C0-744C59612367}.Release|x86.ActiveCfg = Release|x86
		{56442662-DFA6-4F1B-85C0-744C59612367}.Release|x86.Build.0 = Release|x86
		{82030E74-AD3B-48C9-AF68-022D8E6EAE28}.Debug|Any CPU.ActiveCfg = Debug|Any CPU
		{82030E74-AD3B-48C9-AF68-022D8E6EAE28}.Debug|Any CPU.Build.0 = Debug|Any CPU
		{82030E74-AD3B-48C9-AF68-022D8E6EAE28}.Debug|ARM.ActiveCfg = Debug|ARM
		{82030E74-AD3B-48C9-AF68-022D8E6EAE28}.Debug|ARM.Build.0 = Debug|ARM
		{82030E74-AD3B-48C9-AF68-022D8E6EAE28}.Debug|ARM32.ActiveCfg = Debug|ARM32
		{82030E74-AD3B-48C9-AF68-022D8E6EAE28}.Debug|ARM32.Build.0 = Debug|ARM32
		{82030E74-AD3B-48C9-AF68-022D8E6EAE28}.Debug|ARM64.ActiveCfg = Debug|ARM64
		{82030E74-AD3B-48C9-AF68-022D8E6EAE28}.Debug|ARM64.Build.0 = Debug|ARM64
		{82030E74-AD3B-48C9-AF68-022D8E6EAE28}.Debug|x64.ActiveCfg = Debug|x64
		{82030E74-AD3B-48C9-AF68-022D8E6EAE28}.Debug|x64.Build.0 = Debug|x64
		{82030E74-AD3B-48C9-AF68-022D8E6EAE28}.Debug|x86.ActiveCfg = Debug|x86
		{82030E74-AD3B-48C9-AF68-022D8E6EAE28}.Debug|x86.Build.0 = Debug|x86
		{82030E74-AD3B-48C9-AF68-022D8E6EAE28}.Release|Any CPU.ActiveCfg = Release|Any CPU
		{82030E74-AD3B-48C9-AF68-022D8E6EAE28}.Release|Any CPU.Build.0 = Release|Any CPU
		{82030E74-AD3B-48C9-AF68-022D8E6EAE28}.Release|ARM.ActiveCfg = Release|ARM
		{82030E74-AD3B-48C9-AF68-022D8E6EAE28}.Release|ARM.Build.0 = Release|ARM
		{82030E74-AD3B-48C9-AF68-022D8E6EAE28}.Release|ARM32.ActiveCfg = Release|ARM32
		{82030E74-AD3B-48C9-AF68-022D8E6EAE28}.Release|ARM32.Build.0 = Release|ARM32
		{82030E74-AD3B-48C9-AF68-022D8E6EAE28}.Release|ARM64.ActiveCfg = Release|ARM64
		{82030E74-AD3B-48C9-AF68-022D8E6EAE28}.Release|ARM64.Build.0 = Release|ARM64
		{82030E74-AD3B-48C9-AF68-022D8E6EAE28}.Release|x64.ActiveCfg = Release|x64
		{82030E74-AD3B-48C9-AF68-022D8E6EAE28}.Release|x64.Build.0 = Release|x64
		{82030E74-AD3B-48C9-AF68-022D8E6EAE28}.Release|x86.ActiveCfg = Release|x86
		{82030E74-AD3B-48C9-AF68-022D8E6EAE28}.Release|x86.Build.0 = Release|x86
		{FBA82857-EDA9-4E6E-AB57-7C3ED232FE54}.Debug|Any CPU.ActiveCfg = Debug|Any CPU
		{FBA82857-EDA9-4E6E-AB57-7C3ED232FE54}.Debug|Any CPU.Build.0 = Debug|Any CPU
		{FBA82857-EDA9-4E6E-AB57-7C3ED232FE54}.Debug|ARM.ActiveCfg = Debug|ARM
		{FBA82857-EDA9-4E6E-AB57-7C3ED232FE54}.Debug|ARM.Build.0 = Debug|ARM
		{FBA82857-EDA9-4E6E-AB57-7C3ED232FE54}.Debug|ARM32.ActiveCfg = Debug|ARM32
		{FBA82857-EDA9-4E6E-AB57-7C3ED232FE54}.Debug|ARM32.Build.0 = Debug|ARM32
		{FBA82857-EDA9-4E6E-AB57-7C3ED232FE54}.Debug|ARM64.ActiveCfg = Debug|ARM64
		{FBA82857-EDA9-4E6E-AB57-7C3ED232FE54}.Debug|ARM64.Build.0 = Debug|ARM64
		{FBA82857-EDA9-4E6E-AB57-7C3ED232FE54}.Debug|x64.ActiveCfg = Debug|x64
		{FBA82857-EDA9-4E6E-AB57-7C3ED232FE54}.Debug|x64.Build.0 = Debug|x64
		{FBA82857-EDA9-4E6E-AB57-7C3ED232FE54}.Debug|x86.ActiveCfg = Debug|x86
		{FBA82857-EDA9-4E6E-AB57-7C3ED232FE54}.Debug|x86.Build.0 = Debug|x86
		{FBA82857-EDA9-4E6E-AB57-7C3ED232FE54}.Release|Any CPU.ActiveCfg = Release|Any CPU
		{FBA82857-EDA9-4E6E-AB57-7C3ED232FE54}.Release|Any CPU.Build.0 = Release|Any CPU
		{FBA82857-EDA9-4E6E-AB57-7C3ED232FE54}.Release|ARM.ActiveCfg = Release|ARM
		{FBA82857-EDA9-4E6E-AB57-7C3ED232FE54}.Release|ARM.Build.0 = Release|ARM
		{FBA82857-EDA9-4E6E-AB57-7C3ED232FE54}.Release|ARM32.ActiveCfg = Release|ARM32
		{FBA82857-EDA9-4E6E-AB57-7C3ED232FE54}.Release|ARM32.Build.0 = Release|ARM32
		{FBA82857-EDA9-4E6E-AB57-7C3ED232FE54}.Release|ARM64.ActiveCfg = Release|ARM64
		{FBA82857-EDA9-4E6E-AB57-7C3ED232FE54}.Release|ARM64.Build.0 = Release|ARM64
		{FBA82857-EDA9-4E6E-AB57-7C3ED232FE54}.Release|x64.ActiveCfg = Release|x64
		{FBA82857-EDA9-4E6E-AB57-7C3ED232FE54}.Release|x64.Build.0 = Release|x64
		{FBA82857-EDA9-4E6E-AB57-7C3ED232FE54}.Release|x86.ActiveCfg = Release|x86
		{FBA82857-EDA9-4E6E-AB57-7C3ED232FE54}.Release|x86.Build.0 = Release|x86
		{D9122162-7707-442A-B36C-C1AABB0C98CD}.Debug|Any CPU.ActiveCfg = Debug|Any CPU
		{D9122162-7707-442A-B36C-C1AABB0C98CD}.Debug|Any CPU.Build.0 = Debug|Any CPU
		{D9122162-7707-442A-B36C-C1AABB0C98CD}.Debug|ARM.ActiveCfg = Debug|ARM
		{D9122162-7707-442A-B36C-C1AABB0C98CD}.Debug|ARM.Build.0 = Debug|ARM
		{D9122162-7707-442A-B36C-C1AABB0C98CD}.Debug|ARM32.ActiveCfg = Debug|ARM32
		{D9122162-7707-442A-B36C-C1AABB0C98CD}.Debug|ARM32.Build.0 = Debug|ARM32
		{D9122162-7707-442A-B36C-C1AABB0C98CD}.Debug|ARM64.ActiveCfg = Debug|ARM64
		{D9122162-7707-442A-B36C-C1AABB0C98CD}.Debug|ARM64.Build.0 = Debug|ARM64
		{D9122162-7707-442A-B36C-C1AABB0C98CD}.Debug|x64.ActiveCfg = Debug|x64
		{D9122162-7707-442A-B36C-C1AABB0C98CD}.Debug|x64.Build.0 = Debug|x64
		{D9122162-7707-442A-B36C-C1AABB0C98CD}.Debug|x86.ActiveCfg = Debug|x86
		{D9122162-7707-442A-B36C-C1AABB0C98CD}.Debug|x86.Build.0 = Debug|x86
		{D9122162-7707-442A-B36C-C1AABB0C98CD}.Release|Any CPU.ActiveCfg = Release|Any CPU
		{D9122162-7707-442A-B36C-C1AABB0C98CD}.Release|Any CPU.Build.0 = Release|Any CPU
		{D9122162-7707-442A-B36C-C1AABB0C98CD}.Release|ARM.ActiveCfg = Release|ARM
		{D9122162-7707-442A-B36C-C1AABB0C98CD}.Release|ARM.Build.0 = Release|ARM
		{D9122162-7707-442A-B36C-C1AABB0C98CD}.Release|ARM32.ActiveCfg = Release|ARM32
		{D9122162-7707-442A-B36C-C1AABB0C98CD}.Release|ARM32.Build.0 = Release|ARM32
		{D9122162-7707-442A-B36C-C1AABB0C98CD}.Release|ARM64.ActiveCfg = Release|ARM64
		{D9122162-7707-442A-B36C-C1AABB0C98CD}.Release|ARM64.Build.0 = Release|ARM64
		{D9122162-7707-442A-B36C-C1AABB0C98CD}.Release|x64.ActiveCfg = Release|x64
		{D9122162-7707-442A-B36C-C1AABB0C98CD}.Release|x64.Build.0 = Release|x64
		{D9122162-7707-442A-B36C-C1AABB0C98CD}.Release|x86.ActiveCfg = Release|x86
		{D9122162-7707-442A-B36C-C1AABB0C98CD}.Release|x86.Build.0 = Release|x86
		{07484C8A-AE46-4E64-9B0B-017863CA674F}.Debug|Any CPU.ActiveCfg = Debug|Any CPU
		{07484C8A-AE46-4E64-9B0B-017863CA674F}.Debug|Any CPU.Build.0 = Debug|Any CPU
		{07484C8A-AE46-4E64-9B0B-017863CA674F}.Debug|ARM.ActiveCfg = Debug|ARM
		{07484C8A-AE46-4E64-9B0B-017863CA674F}.Debug|ARM.Build.0 = Debug|ARM
		{07484C8A-AE46-4E64-9B0B-017863CA674F}.Debug|ARM32.ActiveCfg = Debug|ARM32
		{07484C8A-AE46-4E64-9B0B-017863CA674F}.Debug|ARM32.Build.0 = Debug|ARM32
		{07484C8A-AE46-4E64-9B0B-017863CA674F}.Debug|ARM64.ActiveCfg = Debug|ARM64
		{07484C8A-AE46-4E64-9B0B-017863CA674F}.Debug|ARM64.Build.0 = Debug|ARM64
		{07484C8A-AE46-4E64-9B0B-017863CA674F}.Debug|x64.ActiveCfg = Debug|x64
		{07484C8A-AE46-4E64-9B0B-017863CA674F}.Debug|x64.Build.0 = Debug|x64
		{07484C8A-AE46-4E64-9B0B-017863CA674F}.Debug|x86.ActiveCfg = Debug|x86
		{07484C8A-AE46-4E64-9B0B-017863CA674F}.Debug|x86.Build.0 = Debug|x86
		{07484C8A-AE46-4E64-9B0B-017863CA674F}.Release|Any CPU.ActiveCfg = Release|Any CPU
		{07484C8A-AE46-4E64-9B0B-017863CA674F}.Release|Any CPU.Build.0 = Release|Any CPU
		{07484C8A-AE46-4E64-9B0B-017863CA674F}.Release|ARM.ActiveCfg = Release|ARM
		{07484C8A-AE46-4E64-9B0B-017863CA674F}.Release|ARM.Build.0 = Release|ARM
		{07484C8A-AE46-4E64-9B0B-017863CA674F}.Release|ARM32.ActiveCfg = Release|ARM32
		{07484C8A-AE46-4E64-9B0B-017863CA674F}.Release|ARM32.Build.0 = Release|ARM32
		{07484C8A-AE46-4E64-9B0B-017863CA674F}.Release|ARM64.ActiveCfg = Release|ARM64
		{07484C8A-AE46-4E64-9B0B-017863CA674F}.Release|ARM64.Build.0 = Release|ARM64
		{07484C8A-AE46-4E64-9B0B-017863CA674F}.Release|x64.ActiveCfg = Release|x64
		{07484C8A-AE46-4E64-9B0B-017863CA674F}.Release|x64.Build.0 = Release|x64
		{07484C8A-AE46-4E64-9B0B-017863CA674F}.Release|x86.ActiveCfg = Release|x86
		{07484C8A-AE46-4E64-9B0B-017863CA674F}.Release|x86.Build.0 = Release|x86
		{E12A32FB-BB4E-41A3-9A18-CC0196384FFE}.Debug|Any CPU.ActiveCfg = Debug|Any CPU
		{E12A32FB-BB4E-41A3-9A18-CC0196384FFE}.Debug|Any CPU.Build.0 = Debug|Any CPU
		{E12A32FB-BB4E-41A3-9A18-CC0196384FFE}.Debug|ARM.ActiveCfg = Debug|ARM
		{E12A32FB-BB4E-41A3-9A18-CC0196384FFE}.Debug|ARM.Build.0 = Debug|ARM
		{E12A32FB-BB4E-41A3-9A18-CC0196384FFE}.Debug|ARM32.ActiveCfg = Debug|ARM32
		{E12A32FB-BB4E-41A3-9A18-CC0196384FFE}.Debug|ARM32.Build.0 = Debug|ARM32
		{E12A32FB-BB4E-41A3-9A18-CC0196384FFE}.Debug|ARM64.ActiveCfg = Debug|ARM64
		{E12A32FB-BB4E-41A3-9A18-CC0196384FFE}.Debug|ARM64.Build.0 = Debug|ARM64
		{E12A32FB-BB4E-41A3-9A18-CC0196384FFE}.Debug|x64.ActiveCfg = Debug|x64
		{E12A32FB-BB4E-41A3-9A18-CC0196384FFE}.Debug|x64.Build.0 = Debug|x64
		{E12A32FB-BB4E-41A3-9A18-CC0196384FFE}.Debug|x86.ActiveCfg = Debug|x86
		{E12A32FB-BB4E-41A3-9A18-CC0196384FFE}.Debug|x86.Build.0 = Debug|x86
		{E12A32FB-BB4E-41A3-9A18-CC0196384FFE}.Release|Any CPU.ActiveCfg = Release|Any CPU
		{E12A32FB-BB4E-41A3-9A18-CC0196384FFE}.Release|Any CPU.Build.0 = Release|Any CPU
		{E12A32FB-BB4E-41A3-9A18-CC0196384FFE}.Release|ARM.ActiveCfg = Release|ARM
		{E12A32FB-BB4E-41A3-9A18-CC0196384FFE}.Release|ARM.Build.0 = Release|ARM
		{E12A32FB-BB4E-41A3-9A18-CC0196384FFE}.Release|ARM32.ActiveCfg = Release|ARM32
		{E12A32FB-BB4E-41A3-9A18-CC0196384FFE}.Release|ARM32.Build.0 = Release|ARM32
		{E12A32FB-BB4E-41A3-9A18-CC0196384FFE}.Release|ARM64.ActiveCfg = Release|ARM64
		{E12A32FB-BB4E-41A3-9A18-CC0196384FFE}.Release|ARM64.Build.0 = Release|ARM64
		{E12A32FB-BB4E-41A3-9A18-CC0196384FFE}.Release|x64.ActiveCfg = Release|x64
		{E12A32FB-BB4E-41A3-9A18-CC0196384FFE}.Release|x64.Build.0 = Release|x64
		{E12A32FB-BB4E-41A3-9A18-CC0196384FFE}.Release|x86.ActiveCfg = Release|x86
		{E12A32FB-BB4E-41A3-9A18-CC0196384FFE}.Release|x86.Build.0 = Release|x86
		{9ECB551C-10DF-46C7-9578-0C6E527689A7}.Debug|Any CPU.ActiveCfg = Debug|Any CPU
		{9ECB551C-10DF-46C7-9578-0C6E527689A7}.Debug|Any CPU.Build.0 = Debug|Any CPU
		{9ECB551C-10DF-46C7-9578-0C6E527689A7}.Debug|ARM.ActiveCfg = Debug|ARM
		{9ECB551C-10DF-46C7-9578-0C6E527689A7}.Debug|ARM.Build.0 = Debug|ARM
		{9ECB551C-10DF-46C7-9578-0C6E527689A7}.Debug|ARM32.ActiveCfg = Debug|ARM32
		{9ECB551C-10DF-46C7-9578-0C6E527689A7}.Debug|ARM32.Build.0 = Debug|ARM32
		{9ECB551C-10DF-46C7-9578-0C6E527689A7}.Debug|ARM64.ActiveCfg = Debug|ARM64
		{9ECB551C-10DF-46C7-9578-0C6E527689A7}.Debug|ARM64.Build.0 = Debug|ARM64
		{9ECB551C-10DF-46C7-9578-0C6E527689A7}.Debug|x64.ActiveCfg = Debug|x64
		{9ECB551C-10DF-46C7-9578-0C6E527689A7}.Debug|x64.Build.0 = Debug|x64
		{9ECB551C-10DF-46C7-9578-0C6E527689A7}.Debug|x86.ActiveCfg = Debug|x86
		{9ECB551C-10DF-46C7-9578-0C6E527689A7}.Debug|x86.Build.0 = Debug|x86
		{9ECB551C-10DF-46C7-9578-0C6E527689A7}.Release|Any CPU.ActiveCfg = Release|Any CPU
		{9ECB551C-10DF-46C7-9578-0C6E527689A7}.Release|Any CPU.Build.0 = Release|Any CPU
		{9ECB551C-10DF-46C7-9578-0C6E527689A7}.Release|ARM.ActiveCfg = Release|ARM
		{9ECB551C-10DF-46C7-9578-0C6E527689A7}.Release|ARM.Build.0 = Release|ARM
		{9ECB551C-10DF-46C7-9578-0C6E527689A7}.Release|ARM32.ActiveCfg = Release|ARM32
		{9ECB551C-10DF-46C7-9578-0C6E527689A7}.Release|ARM32.Build.0 = Release|ARM32
		{9ECB551C-10DF-46C7-9578-0C6E527689A7}.Release|ARM64.ActiveCfg = Release|ARM64
		{9ECB551C-10DF-46C7-9578-0C6E527689A7}.Release|ARM64.Build.0 = Release|ARM64
		{9ECB551C-10DF-46C7-9578-0C6E527689A7}.Release|x64.ActiveCfg = Release|x64
		{9ECB551C-10DF-46C7-9578-0C6E527689A7}.Release|x64.Build.0 = Release|x64
		{9ECB551C-10DF-46C7-9578-0C6E527689A7}.Release|x86.ActiveCfg = Release|x86
		{9ECB551C-10DF-46C7-9578-0C6E527689A7}.Release|x86.Build.0 = Release|x86
		{9FCEBE82-F780-41BA-AC80-DD030DDC91D2}.Debug|Any CPU.ActiveCfg = Debug|Any CPU
		{9FCEBE82-F780-41BA-AC80-DD030DDC91D2}.Debug|Any CPU.Build.0 = Debug|Any CPU
		{9FCEBE82-F780-41BA-AC80-DD030DDC91D2}.Debug|ARM.ActiveCfg = Debug|ARM
		{9FCEBE82-F780-41BA-AC80-DD030DDC91D2}.Debug|ARM.Build.0 = Debug|ARM
		{9FCEBE82-F780-41BA-AC80-DD030DDC91D2}.Debug|ARM32.ActiveCfg = Debug|ARM32
		{9FCEBE82-F780-41BA-AC80-DD030DDC91D2}.Debug|ARM32.Build.0 = Debug|ARM32
		{9FCEBE82-F780-41BA-AC80-DD030DDC91D2}.Debug|ARM64.ActiveCfg = Debug|ARM64
		{9FCEBE82-F780-41BA-AC80-DD030DDC91D2}.Debug|ARM64.Build.0 = Debug|ARM64
		{9FCEBE82-F780-41BA-AC80-DD030DDC91D2}.Debug|x64.ActiveCfg = Debug|x64
		{9FCEBE82-F780-41BA-AC80-DD030DDC91D2}.Debug|x64.Build.0 = Debug|x64
		{9FCEBE82-F780-41BA-AC80-DD030DDC91D2}.Debug|x86.ActiveCfg = Debug|x86
		{9FCEBE82-F780-41BA-AC80-DD030DDC91D2}.Debug|x86.Build.0 = Debug|x86
		{9FCEBE82-F780-41BA-AC80-DD030DDC91D2}.Release|Any CPU.ActiveCfg = Release|Any CPU
		{9FCEBE82-F780-41BA-AC80-DD030DDC91D2}.Release|Any CPU.Build.0 = Release|Any CPU
		{9FCEBE82-F780-41BA-AC80-DD030DDC91D2}.Release|ARM.ActiveCfg = Release|ARM
		{9FCEBE82-F780-41BA-AC80-DD030DDC91D2}.Release|ARM.Build.0 = Release|ARM
		{9FCEBE82-F780-41BA-AC80-DD030DDC91D2}.Release|ARM32.ActiveCfg = Release|ARM32
		{9FCEBE82-F780-41BA-AC80-DD030DDC91D2}.Release|ARM32.Build.0 = Release|ARM32
		{9FCEBE82-F780-41BA-AC80-DD030DDC91D2}.Release|ARM64.ActiveCfg = Release|ARM64
		{9FCEBE82-F780-41BA-AC80-DD030DDC91D2}.Release|ARM64.Build.0 = Release|ARM64
		{9FCEBE82-F780-41BA-AC80-DD030DDC91D2}.Release|x64.ActiveCfg = Release|x64
		{9FCEBE82-F780-41BA-AC80-DD030DDC91D2}.Release|x64.Build.0 = Release|x64
		{9FCEBE82-F780-41BA-AC80-DD030DDC91D2}.Release|x86.ActiveCfg = Release|x86
		{9FCEBE82-F780-41BA-AC80-DD030DDC91D2}.Release|x86.Build.0 = Release|x86
		{EE81AF50-759B-4B30-A9E5-BD9B6B83BC9B}.Debug|Any CPU.ActiveCfg = Debug|Any CPU
		{EE81AF50-759B-4B30-A9E5-BD9B6B83BC9B}.Debug|Any CPU.Build.0 = Debug|Any CPU
		{EE81AF50-759B-4B30-A9E5-BD9B6B83BC9B}.Debug|ARM.ActiveCfg = Debug|ARM
		{EE81AF50-759B-4B30-A9E5-BD9B6B83BC9B}.Debug|ARM.Build.0 = Debug|ARM
		{EE81AF50-759B-4B30-A9E5-BD9B6B83BC9B}.Debug|ARM32.ActiveCfg = Debug|ARM32
		{EE81AF50-759B-4B30-A9E5-BD9B6B83BC9B}.Debug|ARM32.Build.0 = Debug|ARM32
		{EE81AF50-759B-4B30-A9E5-BD9B6B83BC9B}.Debug|ARM64.ActiveCfg = Debug|ARM64
		{EE81AF50-759B-4B30-A9E5-BD9B6B83BC9B}.Debug|ARM64.Build.0 = Debug|ARM64
		{EE81AF50-759B-4B30-A9E5-BD9B6B83BC9B}.Debug|x64.ActiveCfg = Debug|x64
		{EE81AF50-759B-4B30-A9E5-BD9B6B83BC9B}.Debug|x64.Build.0 = Debug|x64
		{EE81AF50-759B-4B30-A9E5-BD9B6B83BC9B}.Debug|x86.ActiveCfg = Debug|x86
		{EE81AF50-759B-4B30-A9E5-BD9B6B83BC9B}.Debug|x86.Build.0 = Debug|x86
		{EE81AF50-759B-4B30-A9E5-BD9B6B83BC9B}.Release|Any CPU.ActiveCfg = Release|Any CPU
		{EE81AF50-759B-4B30-A9E5-BD9B6B83BC9B}.Release|Any CPU.Build.0 = Release|Any CPU
		{EE81AF50-759B-4B30-A9E5-BD9B6B83BC9B}.Release|ARM.ActiveCfg = Release|ARM
		{EE81AF50-759B-4B30-A9E5-BD9B6B83BC9B}.Release|ARM.Build.0 = Release|ARM
		{EE81AF50-759B-4B30-A9E5-BD9B6B83BC9B}.Release|ARM32.ActiveCfg = Release|ARM32
		{EE81AF50-759B-4B30-A9E5-BD9B6B83BC9B}.Release|ARM32.Build.0 = Release|ARM32
		{EE81AF50-759B-4B30-A9E5-BD9B6B83BC9B}.Release|ARM64.ActiveCfg = Release|ARM64
		{EE81AF50-759B-4B30-A9E5-BD9B6B83BC9B}.Release|ARM64.Build.0 = Release|ARM64
		{EE81AF50-759B-4B30-A9E5-BD9B6B83BC9B}.Release|x64.ActiveCfg = Release|x64
		{EE81AF50-759B-4B30-A9E5-BD9B6B83BC9B}.Release|x64.Build.0 = Release|x64
		{EE81AF50-759B-4B30-A9E5-BD9B6B83BC9B}.Release|x86.ActiveCfg = Release|x86
		{EE81AF50-759B-4B30-A9E5-BD9B6B83BC9B}.Release|x86.Build.0 = Release|x86
		{1E429B7F-191A-4AD3-9B8A-6BBF3DB1E58E}.Debug|Any CPU.ActiveCfg = Debug|Any CPU
		{1E429B7F-191A-4AD3-9B8A-6BBF3DB1E58E}.Debug|Any CPU.Build.0 = Debug|Any CPU
		{1E429B7F-191A-4AD3-9B8A-6BBF3DB1E58E}.Debug|ARM.ActiveCfg = Debug|ARM
		{1E429B7F-191A-4AD3-9B8A-6BBF3DB1E58E}.Debug|ARM.Build.0 = Debug|ARM
		{1E429B7F-191A-4AD3-9B8A-6BBF3DB1E58E}.Debug|ARM32.ActiveCfg = Debug|ARM32
		{1E429B7F-191A-4AD3-9B8A-6BBF3DB1E58E}.Debug|ARM32.Build.0 = Debug|ARM32
		{1E429B7F-191A-4AD3-9B8A-6BBF3DB1E58E}.Debug|ARM64.ActiveCfg = Debug|ARM64
		{1E429B7F-191A-4AD3-9B8A-6BBF3DB1E58E}.Debug|ARM64.Build.0 = Debug|ARM64
		{1E429B7F-191A-4AD3-9B8A-6BBF3DB1E58E}.Debug|x64.ActiveCfg = Debug|x64
		{1E429B7F-191A-4AD3-9B8A-6BBF3DB1E58E}.Debug|x64.Build.0 = Debug|x64
		{1E429B7F-191A-4AD3-9B8A-6BBF3DB1E58E}.Debug|x86.ActiveCfg = Debug|x86
		{1E429B7F-191A-4AD3-9B8A-6BBF3DB1E58E}.Debug|x86.Build.0 = Debug|x86
		{1E429B7F-191A-4AD3-9B8A-6BBF3DB1E58E}.Release|Any CPU.ActiveCfg = Release|Any CPU
		{1E429B7F-191A-4AD3-9B8A-6BBF3DB1E58E}.Release|Any CPU.Build.0 = Release|Any CPU
		{1E429B7F-191A-4AD3-9B8A-6BBF3DB1E58E}.Release|ARM.ActiveCfg = Release|ARM
		{1E429B7F-191A-4AD3-9B8A-6BBF3DB1E58E}.Release|ARM.Build.0 = Release|ARM
		{1E429B7F-191A-4AD3-9B8A-6BBF3DB1E58E}.Release|ARM32.ActiveCfg = Release|ARM32
		{1E429B7F-191A-4AD3-9B8A-6BBF3DB1E58E}.Release|ARM32.Build.0 = Release|ARM32
		{1E429B7F-191A-4AD3-9B8A-6BBF3DB1E58E}.Release|ARM64.ActiveCfg = Release|ARM64
		{1E429B7F-191A-4AD3-9B8A-6BBF3DB1E58E}.Release|ARM64.Build.0 = Release|ARM64
		{1E429B7F-191A-4AD3-9B8A-6BBF3DB1E58E}.Release|x64.ActiveCfg = Release|x64
		{1E429B7F-191A-4AD3-9B8A-6BBF3DB1E58E}.Release|x64.Build.0 = Release|x64
		{1E429B7F-191A-4AD3-9B8A-6BBF3DB1E58E}.Release|x86.ActiveCfg = Release|x86
		{1E429B7F-191A-4AD3-9B8A-6BBF3DB1E58E}.Release|x86.Build.0 = Release|x86
		{E3257E61-285F-4736-AB68-210D05094083}.Debug|Any CPU.ActiveCfg = Debug|Any CPU
		{E3257E61-285F-4736-AB68-210D05094083}.Debug|Any CPU.Build.0 = Debug|Any CPU
		{E3257E61-285F-4736-AB68-210D05094083}.Debug|ARM.ActiveCfg = Debug|ARM
		{E3257E61-285F-4736-AB68-210D05094083}.Debug|ARM.Build.0 = Debug|ARM
		{E3257E61-285F-4736-AB68-210D05094083}.Debug|ARM32.ActiveCfg = Debug|ARM32
		{E3257E61-285F-4736-AB68-210D05094083}.Debug|ARM32.Build.0 = Debug|ARM32
		{E3257E61-285F-4736-AB68-210D05094083}.Debug|ARM64.ActiveCfg = Debug|ARM64
		{E3257E61-285F-4736-AB68-210D05094083}.Debug|ARM64.Build.0 = Debug|ARM64
		{E3257E61-285F-4736-AB68-210D05094083}.Debug|x64.ActiveCfg = Debug|x64
		{E3257E61-285F-4736-AB68-210D05094083}.Debug|x64.Build.0 = Debug|x64
		{E3257E61-285F-4736-AB68-210D05094083}.Debug|x86.ActiveCfg = Debug|x86
		{E3257E61-285F-4736-AB68-210D05094083}.Debug|x86.Build.0 = Debug|x86
		{E3257E61-285F-4736-AB68-210D05094083}.Release|Any CPU.ActiveCfg = Release|Any CPU
		{E3257E61-285F-4736-AB68-210D05094083}.Release|Any CPU.Build.0 = Release|Any CPU
		{E3257E61-285F-4736-AB68-210D05094083}.Release|ARM.ActiveCfg = Release|ARM
		{E3257E61-285F-4736-AB68-210D05094083}.Release|ARM.Build.0 = Release|ARM
		{E3257E61-285F-4736-AB68-210D05094083}.Release|ARM32.ActiveCfg = Release|ARM32
		{E3257E61-285F-4736-AB68-210D05094083}.Release|ARM32.Build.0 = Release|ARM32
		{E3257E61-285F-4736-AB68-210D05094083}.Release|ARM64.ActiveCfg = Release|ARM64
		{E3257E61-285F-4736-AB68-210D05094083}.Release|ARM64.Build.0 = Release|ARM64
		{E3257E61-285F-4736-AB68-210D05094083}.Release|x64.ActiveCfg = Release|x64
		{E3257E61-285F-4736-AB68-210D05094083}.Release|x64.Build.0 = Release|x64
		{E3257E61-285F-4736-AB68-210D05094083}.Release|x86.ActiveCfg = Release|x86
		{E3257E61-285F-4736-AB68-210D05094083}.Release|x86.Build.0 = Release|x86
		{5BC326AC-B1A7-4C3D-82D2-9F7F99BA5BD7}.Debug|Any CPU.ActiveCfg = Debug|Any CPU
		{5BC326AC-B1A7-4C3D-82D2-9F7F99BA5BD7}.Debug|Any CPU.Build.0 = Debug|Any CPU
		{5BC326AC-B1A7-4C3D-82D2-9F7F99BA5BD7}.Debug|ARM.ActiveCfg = Debug|ARM
		{5BC326AC-B1A7-4C3D-82D2-9F7F99BA5BD7}.Debug|ARM.Build.0 = Debug|ARM
		{5BC326AC-B1A7-4C3D-82D2-9F7F99BA5BD7}.Debug|ARM32.ActiveCfg = Debug|ARM32
		{5BC326AC-B1A7-4C3D-82D2-9F7F99BA5BD7}.Debug|ARM32.Build.0 = Debug|ARM32
		{5BC326AC-B1A7-4C3D-82D2-9F7F99BA5BD7}.Debug|ARM64.ActiveCfg = Debug|ARM64
		{5BC326AC-B1A7-4C3D-82D2-9F7F99BA5BD7}.Debug|ARM64.Build.0 = Debug|ARM64
		{5BC326AC-B1A7-4C3D-82D2-9F7F99BA5BD7}.Debug|x64.ActiveCfg = Debug|x64
		{5BC326AC-B1A7-4C3D-82D2-9F7F99BA5BD7}.Debug|x64.Build.0 = Debug|x64
		{5BC326AC-B1A7-4C3D-82D2-9F7F99BA5BD7}.Debug|x86.ActiveCfg = Debug|x86
		{5BC326AC-B1A7-4C3D-82D2-9F7F99BA5BD7}.Debug|x86.Build.0 = Debug|x86
		{5BC326AC-B1A7-4C3D-82D2-9F7F99BA5BD7}.Release|Any CPU.ActiveCfg = Release|Any CPU
		{5BC326AC-B1A7-4C3D-82D2-9F7F99BA5BD7}.Release|Any CPU.Build.0 = Release|Any CPU
		{5BC326AC-B1A7-4C3D-82D2-9F7F99BA5BD7}.Release|ARM.ActiveCfg = Release|ARM
		{5BC326AC-B1A7-4C3D-82D2-9F7F99BA5BD7}.Release|ARM.Build.0 = Release|ARM
		{5BC326AC-B1A7-4C3D-82D2-9F7F99BA5BD7}.Release|ARM32.ActiveCfg = Release|ARM32
		{5BC326AC-B1A7-4C3D-82D2-9F7F99BA5BD7}.Release|ARM32.Build.0 = Release|ARM32
		{5BC326AC-B1A7-4C3D-82D2-9F7F99BA5BD7}.Release|ARM64.ActiveCfg = Release|ARM64
		{5BC326AC-B1A7-4C3D-82D2-9F7F99BA5BD7}.Release|ARM64.Build.0 = Release|ARM64
		{5BC326AC-B1A7-4C3D-82D2-9F7F99BA5BD7}.Release|x64.ActiveCfg = Release|x64
		{5BC326AC-B1A7-4C3D-82D2-9F7F99BA5BD7}.Release|x64.Build.0 = Release|x64
		{5BC326AC-B1A7-4C3D-82D2-9F7F99BA5BD7}.Release|x86.ActiveCfg = Release|x86
		{5BC326AC-B1A7-4C3D-82D2-9F7F99BA5BD7}.Release|x86.Build.0 = Release|x86
		{09CA8E10-42B9-45FF-83DF-A3C849BDEB8D}.Debug|Any CPU.ActiveCfg = Debug|Any CPU
		{09CA8E10-42B9-45FF-83DF-A3C849BDEB8D}.Debug|Any CPU.Build.0 = Debug|Any CPU
		{09CA8E10-42B9-45FF-83DF-A3C849BDEB8D}.Debug|ARM.ActiveCfg = Debug|ARM
		{09CA8E10-42B9-45FF-83DF-A3C849BDEB8D}.Debug|ARM.Build.0 = Debug|ARM
		{09CA8E10-42B9-45FF-83DF-A3C849BDEB8D}.Debug|ARM32.ActiveCfg = Debug|ARM32
		{09CA8E10-42B9-45FF-83DF-A3C849BDEB8D}.Debug|ARM32.Build.0 = Debug|ARM32
		{09CA8E10-42B9-45FF-83DF-A3C849BDEB8D}.Debug|ARM64.ActiveCfg = Debug|ARM64
		{09CA8E10-42B9-45FF-83DF-A3C849BDEB8D}.Debug|ARM64.Build.0 = Debug|ARM64
		{09CA8E10-42B9-45FF-83DF-A3C849BDEB8D}.Debug|x64.ActiveCfg = Debug|x64
		{09CA8E10-42B9-45FF-83DF-A3C849BDEB8D}.Debug|x64.Build.0 = Debug|x64
		{09CA8E10-42B9-45FF-83DF-A3C849BDEB8D}.Debug|x86.ActiveCfg = Debug|x86
		{09CA8E10-42B9-45FF-83DF-A3C849BDEB8D}.Debug|x86.Build.0 = Debug|x86
		{09CA8E10-42B9-45FF-83DF-A3C849BDEB8D}.Release|Any CPU.ActiveCfg = Release|Any CPU
		{09CA8E10-42B9-45FF-83DF-A3C849BDEB8D}.Release|Any CPU.Build.0 = Release|Any CPU
		{09CA8E10-42B9-45FF-83DF-A3C849BDEB8D}.Release|ARM.ActiveCfg = Release|ARM
		{09CA8E10-42B9-45FF-83DF-A3C849BDEB8D}.Release|ARM.Build.0 = Release|ARM
		{09CA8E10-42B9-45FF-83DF-A3C849BDEB8D}.Release|ARM32.ActiveCfg = Release|ARM32
		{09CA8E10-42B9-45FF-83DF-A3C849BDEB8D}.Release|ARM32.Build.0 = Release|ARM32
		{09CA8E10-42B9-45FF-83DF-A3C849BDEB8D}.Release|ARM64.ActiveCfg = Release|ARM64
		{09CA8E10-42B9-45FF-83DF-A3C849BDEB8D}.Release|ARM64.Build.0 = Release|ARM64
		{09CA8E10-42B9-45FF-83DF-A3C849BDEB8D}.Release|x64.ActiveCfg = Release|x64
		{09CA8E10-42B9-45FF-83DF-A3C849BDEB8D}.Release|x64.Build.0 = Release|x64
		{09CA8E10-42B9-45FF-83DF-A3C849BDEB8D}.Release|x86.ActiveCfg = Release|x86
		{09CA8E10-42B9-45FF-83DF-A3C849BDEB8D}.Release|x86.Build.0 = Release|x86
		{E54FB95F-35F8-4623-A5C7-FA73B9447E92}.Debug|Any CPU.ActiveCfg = Debug|Any CPU
		{E54FB95F-35F8-4623-A5C7-FA73B9447E92}.Debug|Any CPU.Build.0 = Debug|Any CPU
		{E54FB95F-35F8-4623-A5C7-FA73B9447E92}.Debug|ARM.ActiveCfg = Debug|ARM
		{E54FB95F-35F8-4623-A5C7-FA73B9447E92}.Debug|ARM.Build.0 = Debug|ARM
		{E54FB95F-35F8-4623-A5C7-FA73B9447E92}.Debug|ARM32.ActiveCfg = Debug|ARM32
		{E54FB95F-35F8-4623-A5C7-FA73B9447E92}.Debug|ARM32.Build.0 = Debug|ARM32
		{E54FB95F-35F8-4623-A5C7-FA73B9447E92}.Debug|ARM64.ActiveCfg = Debug|ARM64
		{E54FB95F-35F8-4623-A5C7-FA73B9447E92}.Debug|ARM64.Build.0 = Debug|ARM64
		{E54FB95F-35F8-4623-A5C7-FA73B9447E92}.Debug|x64.ActiveCfg = Debug|x64
		{E54FB95F-35F8-4623-A5C7-FA73B9447E92}.Debug|x64.Build.0 = Debug|x64
		{E54FB95F-35F8-4623-A5C7-FA73B9447E92}.Debug|x86.ActiveCfg = Debug|x86
		{E54FB95F-35F8-4623-A5C7-FA73B9447E92}.Debug|x86.Build.0 = Debug|x86
		{E54FB95F-35F8-4623-A5C7-FA73B9447E92}.Release|Any CPU.ActiveCfg = Release|Any CPU
		{E54FB95F-35F8-4623-A5C7-FA73B9447E92}.Release|Any CPU.Build.0 = Release|Any CPU
		{E54FB95F-35F8-4623-A5C7-FA73B9447E92}.Release|ARM.ActiveCfg = Release|ARM
		{E54FB95F-35F8-4623-A5C7-FA73B9447E92}.Release|ARM.Build.0 = Release|ARM
		{E54FB95F-35F8-4623-A5C7-FA73B9447E92}.Release|ARM32.ActiveCfg = Release|ARM32
		{E54FB95F-35F8-4623-A5C7-FA73B9447E92}.Release|ARM32.Build.0 = Release|ARM32
		{E54FB95F-35F8-4623-A5C7-FA73B9447E92}.Release|ARM64.ActiveCfg = Release|ARM64
		{E54FB95F-35F8-4623-A5C7-FA73B9447E92}.Release|ARM64.Build.0 = Release|ARM64
		{E54FB95F-35F8-4623-A5C7-FA73B9447E92}.Release|x64.ActiveCfg = Release|x64
		{E54FB95F-35F8-4623-A5C7-FA73B9447E92}.Release|x64.Build.0 = Release|x64
		{E54FB95F-35F8-4623-A5C7-FA73B9447E92}.Release|x86.ActiveCfg = Release|x86
		{E54FB95F-35F8-4623-A5C7-FA73B9447E92}.Release|x86.Build.0 = Release|x86
		{F53DBF1C-6F7E-447A-B5E2-91254B93D635}.Debug|Any CPU.ActiveCfg = Debug|Any CPU
		{F53DBF1C-6F7E-447A-B5E2-91254B93D635}.Debug|Any CPU.Build.0 = Debug|Any CPU
		{F53DBF1C-6F7E-447A-B5E2-91254B93D635}.Debug|ARM.ActiveCfg = Debug|ARM
		{F53DBF1C-6F7E-447A-B5E2-91254B93D635}.Debug|ARM.Build.0 = Debug|ARM
		{F53DBF1C-6F7E-447A-B5E2-91254B93D635}.Debug|ARM32.ActiveCfg = Debug|ARM32
		{F53DBF1C-6F7E-447A-B5E2-91254B93D635}.Debug|ARM32.Build.0 = Debug|ARM32
		{F53DBF1C-6F7E-447A-B5E2-91254B93D635}.Debug|ARM64.ActiveCfg = Debug|ARM64
		{F53DBF1C-6F7E-447A-B5E2-91254B93D635}.Debug|ARM64.Build.0 = Debug|ARM64
		{F53DBF1C-6F7E-447A-B5E2-91254B93D635}.Debug|x64.ActiveCfg = Debug|x64
		{F53DBF1C-6F7E-447A-B5E2-91254B93D635}.Debug|x64.Build.0 = Debug|x64
		{F53DBF1C-6F7E-447A-B5E2-91254B93D635}.Debug|x86.ActiveCfg = Debug|x86
		{F53DBF1C-6F7E-447A-B5E2-91254B93D635}.Debug|x86.Build.0 = Debug|x86
		{F53DBF1C-6F7E-447A-B5E2-91254B93D635}.Release|Any CPU.ActiveCfg = Release|Any CPU
		{F53DBF1C-6F7E-447A-B5E2-91254B93D635}.Release|Any CPU.Build.0 = Release|Any CPU
		{F53DBF1C-6F7E-447A-B5E2-91254B93D635}.Release|ARM.ActiveCfg = Release|ARM
		{F53DBF1C-6F7E-447A-B5E2-91254B93D635}.Release|ARM.Build.0 = Release|ARM
		{F53DBF1C-6F7E-447A-B5E2-91254B93D635}.Release|ARM32.ActiveCfg = Release|ARM32
		{F53DBF1C-6F7E-447A-B5E2-91254B93D635}.Release|ARM32.Build.0 = Release|ARM32
		{F53DBF1C-6F7E-447A-B5E2-91254B93D635}.Release|ARM64.ActiveCfg = Release|ARM64
		{F53DBF1C-6F7E-447A-B5E2-91254B93D635}.Release|ARM64.Build.0 = Release|ARM64
		{F53DBF1C-6F7E-447A-B5E2-91254B93D635}.Release|x64.ActiveCfg = Release|x64
		{F53DBF1C-6F7E-447A-B5E2-91254B93D635}.Release|x64.Build.0 = Release|x64
		{F53DBF1C-6F7E-447A-B5E2-91254B93D635}.Release|x86.ActiveCfg = Release|x86
		{F53DBF1C-6F7E-447A-B5E2-91254B93D635}.Release|x86.Build.0 = Release|x86
		{FF6DBD62-A81C-4193-B74D-1325D1BFE1DD}.Debug|Any CPU.ActiveCfg = Debug|Any CPU
		{FF6DBD62-A81C-4193-B74D-1325D1BFE1DD}.Debug|Any CPU.Build.0 = Debug|Any CPU
		{FF6DBD62-A81C-4193-B74D-1325D1BFE1DD}.Debug|ARM.ActiveCfg = Debug|ARM
		{FF6DBD62-A81C-4193-B74D-1325D1BFE1DD}.Debug|ARM.Build.0 = Debug|ARM
		{FF6DBD62-A81C-4193-B74D-1325D1BFE1DD}.Debug|ARM32.ActiveCfg = Debug|ARM32
		{FF6DBD62-A81C-4193-B74D-1325D1BFE1DD}.Debug|ARM32.Build.0 = Debug|ARM32
		{FF6DBD62-A81C-4193-B74D-1325D1BFE1DD}.Debug|ARM64.ActiveCfg = Debug|ARM64
		{FF6DBD62-A81C-4193-B74D-1325D1BFE1DD}.Debug|ARM64.Build.0 = Debug|ARM64
		{FF6DBD62-A81C-4193-B74D-1325D1BFE1DD}.Debug|x64.ActiveCfg = Debug|x64
		{FF6DBD62-A81C-4193-B74D-1325D1BFE1DD}.Debug|x64.Build.0 = Debug|x64
		{FF6DBD62-A81C-4193-B74D-1325D1BFE1DD}.Debug|x86.ActiveCfg = Debug|x86
		{FF6DBD62-A81C-4193-B74D-1325D1BFE1DD}.Debug|x86.Build.0 = Debug|x86
		{FF6DBD62-A81C-4193-B74D-1325D1BFE1DD}.Release|Any CPU.ActiveCfg = Release|Any CPU
		{FF6DBD62-A81C-4193-B74D-1325D1BFE1DD}.Release|Any CPU.Build.0 = Release|Any CPU
		{FF6DBD62-A81C-4193-B74D-1325D1BFE1DD}.Release|ARM.ActiveCfg = Release|ARM
		{FF6DBD62-A81C-4193-B74D-1325D1BFE1DD}.Release|ARM.Build.0 = Release|ARM
		{FF6DBD62-A81C-4193-B74D-1325D1BFE1DD}.Release|ARM32.ActiveCfg = Release|ARM32
		{FF6DBD62-A81C-4193-B74D-1325D1BFE1DD}.Release|ARM32.Build.0 = Release|ARM32
		{FF6DBD62-A81C-4193-B74D-1325D1BFE1DD}.Release|ARM64.ActiveCfg = Release|ARM64
		{FF6DBD62-A81C-4193-B74D-1325D1BFE1DD}.Release|ARM64.Build.0 = Release|ARM64
		{FF6DBD62-A81C-4193-B74D-1325D1BFE1DD}.Release|x64.ActiveCfg = Release|x64
		{FF6DBD62-A81C-4193-B74D-1325D1BFE1DD}.Release|x64.Build.0 = Release|x64
		{FF6DBD62-A81C-4193-B74D-1325D1BFE1DD}.Release|x86.ActiveCfg = Release|x86
		{FF6DBD62-A81C-4193-B74D-1325D1BFE1DD}.Release|x86.Build.0 = Release|x86
		{8633639B-ED6A-4FEB-99D1-4EAF2FD86E85}.Debug|Any CPU.ActiveCfg = Debug|Any CPU
		{8633639B-ED6A-4FEB-99D1-4EAF2FD86E85}.Debug|Any CPU.Build.0 = Debug|Any CPU
		{8633639B-ED6A-4FEB-99D1-4EAF2FD86E85}.Debug|ARM.ActiveCfg = Debug|ARM
		{8633639B-ED6A-4FEB-99D1-4EAF2FD86E85}.Debug|ARM.Build.0 = Debug|ARM
		{8633639B-ED6A-4FEB-99D1-4EAF2FD86E85}.Debug|ARM32.ActiveCfg = Debug|ARM32
		{8633639B-ED6A-4FEB-99D1-4EAF2FD86E85}.Debug|ARM32.Build.0 = Debug|ARM32
		{8633639B-ED6A-4FEB-99D1-4EAF2FD86E85}.Debug|ARM64.ActiveCfg = Debug|ARM64
		{8633639B-ED6A-4FEB-99D1-4EAF2FD86E85}.Debug|ARM64.Build.0 = Debug|ARM64
		{8633639B-ED6A-4FEB-99D1-4EAF2FD86E85}.Debug|x64.ActiveCfg = Debug|x64
		{8633639B-ED6A-4FEB-99D1-4EAF2FD86E85}.Debug|x64.Build.0 = Debug|x64
		{8633639B-ED6A-4FEB-99D1-4EAF2FD86E85}.Debug|x86.ActiveCfg = Debug|x86
		{8633639B-ED6A-4FEB-99D1-4EAF2FD86E85}.Debug|x86.Build.0 = Debug|x86
		{8633639B-ED6A-4FEB-99D1-4EAF2FD86E85}.Release|Any CPU.ActiveCfg = Release|Any CPU
		{8633639B-ED6A-4FEB-99D1-4EAF2FD86E85}.Release|Any CPU.Build.0 = Release|Any CPU
		{8633639B-ED6A-4FEB-99D1-4EAF2FD86E85}.Release|ARM.ActiveCfg = Release|ARM
		{8633639B-ED6A-4FEB-99D1-4EAF2FD86E85}.Release|ARM.Build.0 = Release|ARM
		{8633639B-ED6A-4FEB-99D1-4EAF2FD86E85}.Release|ARM32.ActiveCfg = Release|ARM32
		{8633639B-ED6A-4FEB-99D1-4EAF2FD86E85}.Release|ARM32.Build.0 = Release|ARM32
		{8633639B-ED6A-4FEB-99D1-4EAF2FD86E85}.Release|ARM64.ActiveCfg = Release|ARM64
		{8633639B-ED6A-4FEB-99D1-4EAF2FD86E85}.Release|ARM64.Build.0 = Release|ARM64
		{8633639B-ED6A-4FEB-99D1-4EAF2FD86E85}.Release|x64.ActiveCfg = Release|x64
		{8633639B-ED6A-4FEB-99D1-4EAF2FD86E85}.Release|x64.Build.0 = Release|x64
		{8633639B-ED6A-4FEB-99D1-4EAF2FD86E85}.Release|x86.ActiveCfg = Release|x86
		{8633639B-ED6A-4FEB-99D1-4EAF2FD86E85}.Release|x86.Build.0 = Release|x86
	EndGlobalSection
	GlobalSection(SolutionProperties) = preSolution
		HideSolutionNode = FALSE
	EndGlobalSection
	GlobalSection(NestedProjects) = preSolution
		{99BE2E1A-4DFC-41D3-8DF4-7CEC5349999E} = {DFD7E0F5-8528-4882-BE2D-B7FB8EC3EDB3}
		{BFC493AF-B103-485C-82A3-83483C919824} = {EC588A5B-208D-4427-9528-447A0A09ED88}
		{DFD7E0F5-8528-4882-BE2D-B7FB8EC3EDB3} = {EC588A5B-208D-4427-9528-447A0A09ED88}
		{3B10168F-CB56-409F-9A7A-20AB0CF71AB5} = {BFC493AF-B103-485C-82A3-83483C919824}
		{6278AAA6-5D29-4F7B-9FC8-F802EC55CC5E} = {3B10168F-CB56-409F-9A7A-20AB0CF71AB5}
		{192CA967-9499-4D8E-BF64-C9911C26CE5C} = {3B10168F-CB56-409F-9A7A-20AB0CF71AB5}
		{78605FC9-E09D-4DCD-8AAD-53D856D0A86B} = {3B10168F-CB56-409F-9A7A-20AB0CF71AB5}
		{BDA1D0A8-2583-406A-AC36-3295620D4A39} = {3B10168F-CB56-409F-9A7A-20AB0CF71AB5}
		{B0E634ED-376C-4BB2-8983-84B6D5343D1A} = {BFC493AF-B103-485C-82A3-83483C919824}
		{85DB08C8-BEFE-48E5-9F24-564E20F4B401} = {1870D7E3-B750-4ECA-93C3-1D74DB446114}
		{56442662-DFA6-4F1B-85C0-744C59612367} = {BFC493AF-B103-485C-82A3-83483C919824}
		{82030E74-AD3B-48C9-AF68-022D8E6EAE28} = {3B10168F-CB56-409F-9A7A-20AB0CF71AB5}
		{FBA82857-EDA9-4E6E-AB57-7C3ED232FE54} = {90F99F24-2400-4B9B-8C48-7378309F133D}
		{D9122162-7707-442A-B36C-C1AABB0C98CD} = {3B10168F-CB56-409F-9A7A-20AB0CF71AB5}
		{07484C8A-AE46-4E64-9B0B-017863CA674F} = {90F99F24-2400-4B9B-8C48-7378309F133D}
		{E12A32FB-BB4E-41A3-9A18-CC0196384FFE} = {BFC493AF-B103-485C-82A3-83483C919824}
		{9ECB551C-10DF-46C7-9578-0C6E527689A7} = {716F17FB-9FD0-4449-A6D5-6EBD703647AB}
		{9FCEBE82-F780-41BA-AC80-DD030DDC91D2} = {660282D0-A588-49C6-829F-9836845089F6}
		{EE81AF50-759B-4B30-A9E5-BD9B6B83BC9B} = {BFC493AF-B103-485C-82A3-83483C919824}
		{1E429B7F-191A-4AD3-9B8A-6BBF3DB1E58E} = {716F17FB-9FD0-4449-A6D5-6EBD703647AB}
		{716F17FB-9FD0-4449-A6D5-6EBD703647AB} = {B9C74267-C106-4C21-B4EC-1DBBD52B098E}
		{90F99F24-2400-4B9B-8C48-7378309F133D} = {716F17FB-9FD0-4449-A6D5-6EBD703647AB}
		{E3257E61-285F-4736-AB68-210D05094083} = {716F17FB-9FD0-4449-A6D5-6EBD703647AB}
		{5BC326AC-B1A7-4C3D-82D2-9F7F99BA5BD7} = {B0E634ED-376C-4BB2-8983-84B6D5343D1A}
		{09CA8E10-42B9-45FF-83DF-A3C849BDEB8D} = {B0E634ED-376C-4BB2-8983-84B6D5343D1A}
		{233E413E-4FAE-4C9A-9853-39B3CDC28F71} = {716F17FB-9FD0-4449-A6D5-6EBD703647AB}
		{E54FB95F-35F8-4623-A5C7-FA73B9447E92} = {233E413E-4FAE-4C9A-9853-39B3CDC28F71}
		{F53DBF1C-6F7E-447A-B5E2-91254B93D635} = {233E413E-4FAE-4C9A-9853-39B3CDC28F71}
		{FF6DBD62-A81C-4193-B74D-1325D1BFE1DD} = {B0E634ED-376C-4BB2-8983-84B6D5343D1A}
		{8633639B-ED6A-4FEB-99D1-4EAF2FD86E85} = {233E413E-4FAE-4C9A-9853-39B3CDC28F71}
	EndGlobalSection
	GlobalSection(ExtensibilityGlobals) = postSolution
		SolutionGuid = {95CB9206-4EC0-41AC-AEBC-C134144867DB}
	EndGlobalSection
EndGlobal
